
Microsoft Visual Studio Solution File, Format Version 12.00
# Visual Studio 16
VisualStudioVersion = 15.0.26127.0
MinimumVisualStudioVersion = 10.0.40219.1
Project("{FAE04EC0-301F-11D3-BF4B-00C04F79EFBC}") = "NohBoard", "NohBoard\NohBoard.csproj", "{E3C2E235-2B95-40C9-981D-46674C7CAB3D}"
	ProjectSection(ProjectDependencies) = postProject
		{9B062971-A88E-4A3D-B3C9-12B78D15FA66} = {9B062971-A88E-4A3D-B3C9-12B78D15FA66}
	EndProjectSection
EndProject
Project("{FAE04EC0-301F-11D3-BF4B-00C04F79EFBC}") = "Hooking", "Hooking\Hooking.csproj", "{BD97715C-F215-4464-AA84-AD0C5FB5F0DC}"
EndProject
Project("{FAE04EC0-301F-11D3-BF4B-00C04F79EFBC}") = "clipper_library", "clipper_library\clipper_library.csproj", "{9B062971-A88E-4A3D-B3C9-12B78D15FA66}"
EndProject
Global
	GlobalSection(SolutionConfigurationPlatforms) = preSolution
		Debug|Any CPU = Debug|Any CPU
		Release|Any CPU = Release|Any CPU
	EndGlobalSection
	GlobalSection(ProjectConfigurationPlatforms) = postSolution
		{E3C2E235-2B95-40C9-981D-46674C7CAB3D}.Debug|Any CPU.ActiveCfg = Debug|Any CPU
		{E3C2E235-2B95-40C9-981D-46674C7CAB3D}.Debug|Any CPU.Build.0 = Debug|Any CPU
		{E3C2E235-2B95-40C9-981D-46674C7CAB3D}.Release|Any CPU.ActiveCfg = Release|Any CPU
		{E3C2E235-2B95-40C9-981D-46674C7CAB3D}.Release|Any CPU.Build.0 = Release|Any CPU
		{BD97715C-F215-4464-AA84-AD0C5FB5F0DC}.Debug|Any CPU.ActiveCfg = Debug|Any CPU
		{BD97715C-F215-4464-AA84-AD0C5FB5F0DC}.Debug|Any CPU.Build.0 = Debug|Any CPU
		{BD97715C-F215-4464-AA84-AD0C5FB5F0DC}.Release|Any CPU.ActiveCfg = Release|Any CPU
		{BD97715C-F215-4464-AA84-AD0C5FB5F0DC}.Release|Any CPU.Build.0 = Release|Any CPU
		{9B062971-A88E-4A3D-B3C9-12B78D15FA66}.Debug|Any CPU.ActiveCfg = Debug|Any CPU
		{9B062971-A88E-4A3D-B3C9-12B78D15FA66}.Debug|Any CPU.Build.0 = Debug|Any CPU
		{9B062971-A88E-4A3D-B3C9-12B78D15FA66}.Release|Any CPU.ActiveCfg = Release|Any CPU
		{9B062971-A88E-4A3D-B3C9-12B78D15FA66}.Release|Any CPU.Build.0 = Release|Any CPU
	EndGlobalSection
	GlobalSection(SolutionProperties) = preSolution
		HideSolutionNode = FALSE
	EndGlobalSection
EndGlobal
